
Microsoft Visual Studio Solution File, Format Version 12.00
# Visual Studio Version 17
VisualStudioVersion = 17.0.32112.339
MinimumVisualStudioVersion = 10.0.40219.1
Project("{FAE04EC0-301F-11D3-BF4B-00C04F79EFBC}") = "ConsoleApp1", "ConsoleApp1\ConsoleApp1.csproj", "{626BEB1F-5450-4E82-9D56-8E40FB14C53E}"
EndProject
Global
	GlobalSection(SolutionConfigurationPlatforms) = preSolution
		Debug|Any CPU = Debug|Any CPU
		Release|Any CPU = Release|Any CPU
	EndGlobalSection
	GlobalSection(ProjectConfigurationPlatforms) = postSolution
		{626BEB1F-5450-4E82-9D56-8E40FB14C53E}.Debug|Any CPU.ActiveCfg = Debug|Any CPU
		{626BEB1F-5450-4E82-9D56-8E40FB14C53E}.Debug|Any CPU.Build.0 = Debug|Any CPU
		{626BEB1F-5450-4E82-9D56-8E40FB14C53E}.Release|Any CPU.ActiveCfg = Release|Any CPU
		{626BEB1F-5450-4E82-9D56-8E40FB14C53E}.Release|Any CPU.Build.0 = Release|Any CPU
	EndGlobalSection
	GlobalSection(SolutionProperties) = preSolution
		HideSolutionNode = FALSE
	EndGlobalSection
	GlobalSection(ExtensibilityGlobals) = postSolution
		SolutionGuid = {E634C206-9B42-4B0A-8AAC-FF0B6C3BB9A4}
	EndGlobalSection
EndGlobal
